
Microsoft Visual Studio Solution File, Format Version 11.00
# Visual Studio 2010
Project("{FAE04EC0-301F-11D3-BF4B-00C04F79EFBC}") = "EmittingCLRTypes", "EmittingCLRTypes.csproj", "{D6F11AF2-D2C7-4864-83CF-23E36DE40BB9}"
EndProject
Global
	GlobalSection(SolutionConfigurationPlatforms) = preSolution
		Debug|x86 = Debug|x86
		Release|x86 = Release|x86
	EndGlobalSection
	GlobalSection(ProjectConfigurationPlatforms) = postSolution
		{D6F11AF2-D2C7-4864-83CF-23E36DE40BB9}.Debug|x86.ActiveCfg = Debug|x86
		{D6F11AF2-D2C7-4864-83CF-23E36DE40BB9}.Debug|x86.Build.0 = Debug|x86
		{D6F11AF2-D2C7-4864-83CF-23E36DE40BB9}.Release|x86.ActiveCfg = Release|x86
		{D6F11AF2-D2C7-4864-83CF-23E36DE40BB9}.Release|x86.Build.0 = Release|x86
	EndGlobalSection
	GlobalSection(SolutionProperties) = preSolution
		HideSolutionNode = FALSE
	EndGlobalSection
EndGlobal
